
Microsoft Visual Studio Solution File, Format Version 12.00
# Visual Studio Version 16
VisualStudioVersion = 16.0.29424.173
MinimumVisualStudioVersion = 10.0.40219.1
Project("{9A19103F-16F7-4668-BE54-9A1E7A4F7556}") = "WebApplication", "WebApplication\WebApplication.csproj", "{43FD694C-F8C6-4285-8477-35C282B7D3DF}"
EndProject
Project("{9A19103F-16F7-4668-BE54-9A1E7A4F7556}") = "DataLibrary", "DataAccess\DataLibrary.csproj", "{6C2C999E-AA36-476D-8341-0C7A9EC40242}"
EndProject
Project("{00D1A9C2-B5F0-4AF3-8072-F6C62B433612}") = "ServersBackendDB", "ServersBackendDB\ServersBackendDB.sqlproj", "{BDEB3D8B-4BF4-464B-B302-D881BD49B87A}"
EndProject
Global
	GlobalSection(SolutionConfigurationPlatforms) = preSolution
		Debug|Any CPU = Debug|Any CPU
		Release|Any CPU = Release|Any CPU
	EndGlobalSection
	GlobalSection(ProjectConfigurationPlatforms) = postSolution
		{43FD694C-F8C6-4285-8477-35C282B7D3DF}.Debug|Any CPU.ActiveCfg = Debug|Any CPU
		{43FD694C-F8C6-4285-8477-35C282B7D3DF}.Debug|Any CPU.Build.0 = Debug|Any CPU
		{43FD694C-F8C6-4285-8477-35C282B7D3DF}.Release|Any CPU.ActiveCfg = Release|Any CPU
		{43FD694C-F8C6-4285-8477-35C282B7D3DF}.Release|Any CPU.Build.0 = Release|Any CPU
		{6C2C999E-AA36-476D-8341-0C7A9EC40242}.Debug|Any CPU.ActiveCfg = Debug|Any CPU
		{6C2C999E-AA36-476D-8341-0C7A9EC40242}.Debug|Any CPU.Build.0 = Debug|Any CPU
		{6C2C999E-AA36-476D-8341-0C7A9EC40242}.Release|Any CPU.ActiveCfg = Release|Any CPU
		{6C2C999E-AA36-476D-8341-0C7A9EC40242}.Release|Any CPU.Build.0 = Release|Any CPU
		{BDEB3D8B-4BF4-464B-B302-D881BD49B87A}.Debug|Any CPU.ActiveCfg = Debug|Any CPU
		{BDEB3D8B-4BF4-464B-B302-D881BD49B87A}.Debug|Any CPU.Build.0 = Debug|Any CPU
		{BDEB3D8B-4BF4-464B-B302-D881BD49B87A}.Debug|Any CPU.Deploy.0 = Debug|Any CPU
		{BDEB3D8B-4BF4-464B-B302-D881BD49B87A}.Release|Any CPU.ActiveCfg = Release|Any CPU
		{BDEB3D8B-4BF4-464B-B302-D881BD49B87A}.Release|Any CPU.Build.0 = Release|Any CPU
		{BDEB3D8B-4BF4-464B-B302-D881BD49B87A}.Release|Any CPU.Deploy.0 = Release|Any CPU
	EndGlobalSection
	GlobalSection(SolutionProperties) = preSolution
		HideSolutionNode = FALSE
	EndGlobalSection
	GlobalSection(ExtensibilityGlobals) = postSolution
		SolutionGuid = {5542B109-FEC4-46C6-9BB1-ABAB4D816EA3}
	EndGlobalSection
EndGlobal
