
Microsoft Visual Studio Solution File, Format Version 12.00
# Visual Studio Version 16
VisualStudioVersion = 16.0.29926.136
MinimumVisualStudioVersion = 10.0.40219.1
Project("{9A19103F-16F7-4668-BE54-9A1E7A4F7556}") = "WebApplication", "WebApplication\WebApplication.csproj", "{FAA68CD7-7062-4314-B55A-956CA966F76E}"
EndProject
Project("{9A19103F-16F7-4668-BE54-9A1E7A4F7556}") = "GameServicesDataLibrary", "..\..\GameServicesPrivateAPI\GameServicesPrivateAPI\GameServicesDataLibrary\GameServicesDataLibrary.csproj", "{F4A8E47D-E92D-4C7D-B657-E56B421F02E5}"
EndProject
Project("{FAE04EC0-301F-11D3-BF4B-00C04F79EFBC}") = "DeveloperConsoleDataLibrary", "DeveloperConsoleDataLibrary\DeveloperConsoleDataLibrary.csproj", "{1F67C8AA-AC75-4304-A902-C25D7E9B483F}"
EndProject
Global
	GlobalSection(SolutionConfigurationPlatforms) = preSolution
		Debug|Any CPU = Debug|Any CPU
		Release|Any CPU = Release|Any CPU
	EndGlobalSection
	GlobalSection(ProjectConfigurationPlatforms) = postSolution
		{FAA68CD7-7062-4314-B55A-956CA966F76E}.Debug|Any CPU.ActiveCfg = Debug|Any CPU
		{FAA68CD7-7062-4314-B55A-956CA966F76E}.Debug|Any CPU.Build.0 = Debug|Any CPU
		{FAA68CD7-7062-4314-B55A-956CA966F76E}.Release|Any CPU.ActiveCfg = Release|Any CPU
		{FAA68CD7-7062-4314-B55A-956CA966F76E}.Release|Any CPU.Build.0 = Release|Any CPU
		{F4A8E47D-E92D-4C7D-B657-E56B421F02E5}.Debug|Any CPU.ActiveCfg = Debug|Any CPU
		{F4A8E47D-E92D-4C7D-B657-E56B421F02E5}.Debug|Any CPU.Build.0 = Debug|Any CPU
		{F4A8E47D-E92D-4C7D-B657-E56B421F02E5}.Release|Any CPU.ActiveCfg = Release|Any CPU
		{F4A8E47D-E92D-4C7D-B657-E56B421F02E5}.Release|Any CPU.Build.0 = Release|Any CPU
		{1F67C8AA-AC75-4304-A902-C25D7E9B483F}.Debug|Any CPU.ActiveCfg = Debug|Any CPU
		{1F67C8AA-AC75-4304-A902-C25D7E9B483F}.Debug|Any CPU.Build.0 = Debug|Any CPU
		{1F67C8AA-AC75-4304-A902-C25D7E9B483F}.Release|Any CPU.ActiveCfg = Release|Any CPU
		{1F67C8AA-AC75-4304-A902-C25D7E9B483F}.Release|Any CPU.Build.0 = Release|Any CPU
	EndGlobalSection
	GlobalSection(SolutionProperties) = preSolution
		HideSolutionNode = FALSE
	EndGlobalSection
	GlobalSection(ExtensibilityGlobals) = postSolution
		SolutionGuid = {8D214FFC-99AB-49CC-ACBA-4D7A6A28CE68}
	EndGlobalSection
EndGlobal
